
Microsoft Visual Studio Solution File, Format Version 12.00
# Visual Studio Version 16
VisualStudioVersion = 16.0.32228.343
MinimumVisualStudioVersion = 10.0.40219.1
Project("{FAE04EC0-301F-11D3-BF4B-00C04F79EFBC}") = "Radiobutton и CheckBox", "Radiobutton и CheckBox\Radiobutton и CheckBox.csproj", "{8836D353-7FD6-4DEC-B748-6B674B95DEE9}"
EndProject
Global
	GlobalSection(SolutionConfigurationPlatforms) = preSolution
		Debug|Any CPU = Debug|Any CPU
		Release|Any CPU = Release|Any CPU
	EndGlobalSection
	GlobalSection(ProjectConfigurationPlatforms) = postSolution
		{8836D353-7FD6-4DEC-B748-6B674B95DEE9}.Debug|Any CPU.ActiveCfg = Debug|Any CPU
		{8836D353-7FD6-4DEC-B748-6B674B95DEE9}.Debug|Any CPU.Build.0 = Debug|Any CPU
		{8836D353-7FD6-4DEC-B748-6B674B95DEE9}.Release|Any CPU.ActiveCfg = Release|Any CPU
		{8836D353-7FD6-4DEC-B748-6B674B95DEE9}.Release|Any CPU.Build.0 = Release|Any CPU
	EndGlobalSection
	GlobalSection(SolutionProperties) = preSolution
		HideSolutionNode = FALSE
	EndGlobalSection
	GlobalSection(ExtensibilityGlobals) = postSolution
		SolutionGuid = {3515C4F3-9812-4553-BB67-9523FA3D2101}
	EndGlobalSection
EndGlobal
