
Microsoft Visual Studio Solution File, Format Version 12.00
# Visual Studio Version 16
VisualStudioVersion = 16.0.32228.343
MinimumVisualStudioVersion = 10.0.40219.1
Project("{FAE04EC0-301F-11D3-BF4B-00C04F79EFBC}") = "ListBox", "ListBox\ListBox.csproj", "{0BEEC5C3-73D3-48D4-97A8-34136BE5EE96}"
EndProject
Global
	GlobalSection(SolutionConfigurationPlatforms) = preSolution
		Debug|Any CPU = Debug|Any CPU
		Release|Any CPU = Release|Any CPU
	EndGlobalSection
	GlobalSection(ProjectConfigurationPlatforms) = postSolution
		{0BEEC5C3-73D3-48D4-97A8-34136BE5EE96}.Debug|Any CPU.ActiveCfg = Debug|Any CPU
		{0BEEC5C3-73D3-48D4-97A8-34136BE5EE96}.Debug|Any CPU.Build.0 = Debug|Any CPU
		{0BEEC5C3-73D3-48D4-97A8-34136BE5EE96}.Release|Any CPU.ActiveCfg = Release|Any CPU
		{0BEEC5C3-73D3-48D4-97A8-34136BE5EE96}.Release|Any CPU.Build.0 = Release|Any CPU
	EndGlobalSection
	GlobalSection(SolutionProperties) = preSolution
		HideSolutionNode = FALSE
	EndGlobalSection
	GlobalSection(ExtensibilityGlobals) = postSolution
		SolutionGuid = {EC2338CB-23C6-433A-8CD3-82A365AC4D9B}
	EndGlobalSection
EndGlobal
